
Microsoft Visual Studio Solution File, Format Version 12.00
# Visual Studio Version 17
VisualStudioVersion = 17.10.35027.167
MinimumVisualStudioVersion = 10.0.40219.1
Project("{9A19103F-16F7-4668-BE54-9A1E7A4F7556}") = "MVC", "MVC\MVC.csproj", "{B4AF30CB-F46A-4C29-ABBD-2E34DA5DF19D}"
EndProject
Project("{9A19103F-16F7-4668-BE54-9A1E7A4F7556}") = "Data", "Data\Data.csproj", "{06851B91-B1E9-46ED-B87F-4CE4322BFD3C}"
EndProject
Project("{9A19103F-16F7-4668-BE54-9A1E7A4F7556}") = "Services", "Services\Services.csproj", "{BFA2B8A1-7806-4D3A-B96B-B6CB43A21F26}"
EndProject
Project("{FAE04EC0-301F-11D3-BF4B-00C04F79EFBC}") = "API", "API\API.csproj", "{3DFF1935-2CF8-4B29-B0CB-B834A11D6A31}"
EndProject
Global
	GlobalSection(SolutionConfigurationPlatforms) = preSolution
		Debug|Any CPU = Debug|Any CPU
		Release|Any CPU = Release|Any CPU
	EndGlobalSection
	GlobalSection(ProjectConfigurationPlatforms) = postSolution
		{B4AF30CB-F46A-4C29-ABBD-2E34DA5DF19D}.Debug|Any CPU.ActiveCfg = Debug|Any CPU
		{B4AF30CB-F46A-4C29-ABBD-2E34DA5DF19D}.Debug|Any CPU.Build.0 = Debug|Any CPU
		{B4AF30CB-F46A-4C29-ABBD-2E34DA5DF19D}.Release|Any CPU.ActiveCfg = Release|Any CPU
		{B4AF30CB-F46A-4C29-ABBD-2E34DA5DF19D}.Release|Any CPU.Build.0 = Release|Any CPU
		{06851B91-B1E9-46ED-B87F-4CE4322BFD3C}.Debug|Any CPU.ActiveCfg = Debug|Any CPU
		{06851B91-B1E9-46ED-B87F-4CE4322BFD3C}.Debug|Any CPU.Build.0 = Debug|Any CPU
		{06851B91-B1E9-46ED-B87F-4CE4322BFD3C}.Release|Any CPU.ActiveCfg = Release|Any CPU
		{06851B91-B1E9-46ED-B87F-4CE4322BFD3C}.Release|Any CPU.Build.0 = Release|Any CPU
		{BFA2B8A1-7806-4D3A-B96B-B6CB43A21F26}.Debug|Any CPU.ActiveCfg = Debug|Any CPU
		{BFA2B8A1-7806-4D3A-B96B-B6CB43A21F26}.Debug|Any CPU.Build.0 = Debug|Any CPU
		{BFA2B8A1-7806-4D3A-B96B-B6CB43A21F26}.Release|Any CPU.ActiveCfg = Release|Any CPU
		{BFA2B8A1-7806-4D3A-B96B-B6CB43A21F26}.Release|Any CPU.Build.0 = Release|Any CPU
		{3DFF1935-2CF8-4B29-B0CB-B834A11D6A31}.Debug|Any CPU.ActiveCfg = Debug|Any CPU
		{3DFF1935-2CF8-4B29-B0CB-B834A11D6A31}.Debug|Any CPU.Build.0 = Debug|Any CPU
		{3DFF1935-2CF8-4B29-B0CB-B834A11D6A31}.Release|Any CPU.ActiveCfg = Release|Any CPU
		{3DFF1935-2CF8-4B29-B0CB-B834A11D6A31}.Release|Any CPU.Build.0 = Release|Any CPU
	EndGlobalSection
	GlobalSection(SolutionProperties) = preSolution
		HideSolutionNode = FALSE
	EndGlobalSection
	GlobalSection(ExtensibilityGlobals) = postSolution
		SolutionGuid = {58E02024-EDD8-43CC-AE20-1F8E73A9103D}
	EndGlobalSection
EndGlobal
